
Microsoft Visual Studio Solution File, Format Version 12.00
# Visual Studio Version 17
VisualStudioVersion = 17.1.32210.238
MinimumVisualStudioVersion = 10.0.40219.1
Project("{9A19103F-16F7-4668-BE54-9A1E7A4F7556}") = "C_HW4", "C_HW4\C_HW4.csproj", "{6C3C2F74-A255-4F81-B376-A6B4E19092B1}"
EndProject
Global
	GlobalSection(SolutionConfigurationPlatforms) = preSolution
		Debug|Any CPU = Debug|Any CPU
		Release|Any CPU = Release|Any CPU
	EndGlobalSection
	GlobalSection(ProjectConfigurationPlatforms) = postSolution
		{6C3C2F74-A255-4F81-B376-A6B4E19092B1}.Debug|Any CPU.ActiveCfg = Debug|Any CPU
		{6C3C2F74-A255-4F81-B376-A6B4E19092B1}.Debug|Any CPU.Build.0 = Debug|Any CPU
		{6C3C2F74-A255-4F81-B376-A6B4E19092B1}.Release|Any CPU.ActiveCfg = Release|Any CPU
		{6C3C2F74-A255-4F81-B376-A6B4E19092B1}.Release|Any CPU.Build.0 = Release|Any CPU
	EndGlobalSection
	GlobalSection(SolutionProperties) = preSolution
		HideSolutionNode = FALSE
	EndGlobalSection
	GlobalSection(ExtensibilityGlobals) = postSolution
		SolutionGuid = {E65081CA-0288-4119-AD82-6D90BA1853CB}
	EndGlobalSection
EndGlobal
